
Microsoft Visual Studio Solution File, Format Version 12.00
# Visual Studio Version 17
VisualStudioVersion = 17.3.32922.545
MinimumVisualStudioVersion = 10.0.40219.1
Project("{8BC9CEB8-8B4A-11D0-8D11-00A0C91BC942}") = "01_1", "01_1\01_1.vcxproj", "{2A0CD6EF-B0D0-42DA-928A-05635D9C3046}"
EndProject
Project("{8BC9CEB8-8B4A-11D0-8D11-00A0C91BC942}") = "01_2", "01_2\01_2.vcxproj", "{7D222CFC-4CDA-447B-9942-0F05CEEDAB57}"
EndProject
Project("{8BC9CEB8-8B4A-11D0-8D11-00A0C91BC942}") = "01-1.1", "01-1.1\01-1.1.vcxproj", "{A040EE68-0BCC-4514-AE73-3499726D42B5}"
EndProject
Project("{8BC9CEB8-8B4A-11D0-8D11-00A0C91BC942}") = "01-1.2", "01-1.2\01-1.2.vcxproj", "{081E391E-A886-4892-80C9-1CCF443B216C}"
EndProject
Project("{8BC9CEB8-8B4A-11D0-8D11-00A0C91BC942}") = "01_3", "01_3\01_3.vcxproj", "{116F3FA1-2FD3-451B-AD5C-F99E956DD81C}"
EndProject
Project("{8BC9CEB8-8B4A-11D0-8D11-00A0C91BC942}") = "01_4", "01_4\01_4.vcxproj", "{D120B763-C49A-42D1-A232-B485F0311B6E}"
EndProject
Project("{8BC9CEB8-8B4A-11D0-8D11-00A0C91BC942}") = "01-1.3", "01-1.3\01-1.3.vcxproj", "{390E8FF8-1CE2-4715-AE7B-51C969D444EB}"
EndProject
Project("{8BC9CEB8-8B4A-11D0-8D11-00A0C91BC942}") = "02_1", "02_1\02_1.vcxproj", "{0537DDB6-CAE8-4DA6-B955-45C9BE162D18}"
EndProject
Project("{8BC9CEB8-8B4A-11D0-8D11-00A0C91BC942}") = "02_2", "02_2\02_2.vcxproj", "{7A038CB5-ACDE-43C1-BEB5-B03F4DF92836}"
EndProject
Project("{8BC9CEB8-8B4A-11D0-8D11-00A0C91BC942}") = "02_3", "02_3\02_3.vcxproj", "{B2EDEEA2-6E5A-4040-BB24-CF584E42402A}"
EndProject
Project("{8BC9CEB8-8B4A-11D0-8D11-00A0C91BC942}") = "AssessmentTask1", "AssessmentTask1\AssessmentTask1.vcxproj", "{7D529AAE-CE21-4665-94D0-82D9D4CA0B6C}"
EndProject
Global
	GlobalSection(SolutionConfigurationPlatforms) = preSolution
		Debug|x64 = Debug|x64
		Debug|x86 = Debug|x86
		Release|x64 = Release|x64
		Release|x86 = Release|x86
	EndGlobalSection
	GlobalSection(ProjectConfigurationPlatforms) = postSolution
		{2A0CD6EF-B0D0-42DA-928A-05635D9C3046}.Debug|x64.ActiveCfg = Debug|x64
		{2A0CD6EF-B0D0-42DA-928A-05635D9C3046}.Debug|x64.Build.0 = Debug|x64
		{2A0CD6EF-B0D0-42DA-928A-05635D9C3046}.Debug|x86.ActiveCfg = Debug|Win32
		{2A0CD6EF-B0D0-42DA-928A-05635D9C3046}.Debug|x86.Build.0 = Debug|Win32
		{2A0CD6EF-B0D0-42DA-928A-05635D9C3046}.Release|x64.ActiveCfg = Release|x64
		{2A0CD6EF-B0D0-42DA-928A-05635D9C3046}.Release|x64.Build.0 = Release|x64
		{2A0CD6EF-B0D0-42DA-928A-05635D9C3046}.Release|x86.ActiveCfg = Release|Win32
		{2A0CD6EF-B0D0-42DA-928A-05635D9C3046}.Release|x86.Build.0 = Release|Win32
		{7D222CFC-4CDA-447B-9942-0F05CEEDAB57}.Debug|x64.ActiveCfg = Debug|x64
		{7D222CFC-4CDA-447B-9942-0F05CEEDAB57}.Debug|x64.Build.0 = Debug|x64
		{7D222CFC-4CDA-447B-9942-0F05CEEDAB57}.Debug|x86.ActiveCfg = Debug|Win32
		{7D222CFC-4CDA-447B-9942-0F05CEEDAB57}.Debug|x86.Build.0 = Debug|Win32
		{7D222CFC-4CDA-447B-9942-0F05CEEDAB57}.Release|x64.ActiveCfg = Release|x64
		{7D222CFC-4CDA-447B-9942-0F05CEEDAB57}.Release|x64.Build.0 = Release|x64
		{7D222CFC-4CDA-447B-9942-0F05CEEDAB57}.Release|x86.ActiveCfg = Release|Win32
		{7D222CFC-4CDA-447B-9942-0F05CEEDAB57}.Release|x86.Build.0 = Release|Win32
		{A040EE68-0BCC-4514-AE73-3499726D42B5}.Debug|x64.ActiveCfg = Debug|x64
		{A040EE68-0BCC-4514-AE73-3499726D42B5}.Debug|x64.Build.0 = Debug|x64
		{A040EE68-0BCC-4514-AE73-3499726D42B5}.Debug|x86.ActiveCfg = Debug|Win32
		{A040EE68-0BCC-4514-AE73-3499726D42B5}.Debug|x86.Build.0 = Debug|Win32
		{A040EE68-0BCC-4514-AE73-3499726D42B5}.Release|x64.ActiveCfg = Release|x64
		{A040EE68-0BCC-4514-AE73-3499726D42B5}.Release|x64.Build.0 = Release|x64
		{A040EE68-0BCC-4514-AE73-3499726D42B5}.Release|x86.ActiveCfg = Release|Win32
		{A040EE68-0BCC-4514-AE73-3499726D42B5}.Release|x86.Build.0 = Release|Win32
		{081E391E-A886-4892-80C9-1CCF443B216C}.Debug|x64.ActiveCfg = Debug|x64
		{081E391E-A886-4892-80C9-1CCF443B216C}.Debug|x64.Build.0 = Debug|x64
		{081E391E-A886-4892-80C9-1CCF443B216C}.Debug|x86.ActiveCfg = Debug|Win32
		{081E391E-A886-4892-80C9-1CCF443B216C}.Debug|x86.Build.0 = Debug|Win32
		{081E391E-A886-4892-80C9-1CCF443B216C}.Release|x64.ActiveCfg = Release|x64
		{081E391E-A886-4892-80C9-1CCF443B216C}.Release|x64.Build.0 = Release|x64
		{081E391E-A886-4892-80C9-1CCF443B216C}.Release|x86.ActiveCfg = Release|Win32
		{081E391E-A886-4892-80C9-1CCF443B216C}.Release|x86.Build.0 = Release|Win32
		{116F3FA1-2FD3-451B-AD5C-F99E956DD81C}.Debug|x64.ActiveCfg = Debug|x64
		{116F3FA1-2FD3-451B-AD5C-F99E956DD81C}.Debug|x64.Build.0 = Debug|x64
		{116F3FA1-2FD3-451B-AD5C-F99E956DD81C}.Debug|x86.ActiveCfg = Debug|Win32
		{116F3FA1-2FD3-451B-AD5C-F99E956DD81C}.Debug|x86.Build.0 = Debug|Win32
		{116F3FA1-2FD3-451B-AD5C-F99E956DD81C}.Release|x64.ActiveCfg = Release|x64
		{116F3FA1-2FD3-451B-AD5C-F99E956DD81C}.Release|x64.Build.0 = Release|x64
		{116F3FA1-2FD3-451B-AD5C-F99E956DD81C}.Release|x86.ActiveCfg = Release|Win32
		{116F3FA1-2FD3-451B-AD5C-F99E956DD81C}.Release|x86.Build.0 = Release|Win32
		{D120B763-C49A-42D1-A232-B485F0311B6E}.Debug|x64.ActiveCfg = Debug|x64
		{D120B763-C49A-42D1-A232-B485F0311B6E}.Debug|x64.Build.0 = Debug|x64
		{D120B763-C49A-42D1-A232-B485F0311B6E}.Debug|x86.ActiveCfg = Debug|Win32
		{D120B763-C49A-42D1-A232-B485F0311B6E}.Debug|x86.Build.0 = Debug|Win32
		{D120B763-C49A-42D1-A232-B485F0311B6E}.Release|x64.ActiveCfg = Release|x64
		{D120B763-C49A-42D1-A232-B485F0311B6E}.Release|x64.Build.0 = Release|x64
		{D120B763-C49A-42D1-A232-B485F0311B6E}.Release|x86.ActiveCfg = Release|Win32
		{D120B763-C49A-42D1-A232-B485F0311B6E}.Release|x86.Build.0 = Release|Win32
		{390E8FF8-1CE2-4715-AE7B-51C969D444EB}.Debug|x64.ActiveCfg = Debug|x64
		{390E8FF8-1CE2-4715-AE7B-51C969D444EB}.Debug|x64.Build.0 = Debug|x64
		{390E8FF8-1CE2-4715-AE7B-51C969D444EB}.Debug|x86.ActiveCfg = Debug|Win32
		{390E8FF8-1CE2-4715-AE7B-51C969D444EB}.Debug|x86.Build.0 = Debug|Win32
		{390E8FF8-1CE2-4715-AE7B-51C969D444EB}.Release|x64.ActiveCfg = Release|x64
		{390E8FF8-1CE2-4715-AE7B-51C969D444EB}.Release|x64.Build.0 = Release|x64
		{390E8FF8-1CE2-4715-AE7B-51C969D444EB}.Release|x86.ActiveCfg = Release|Win32
		{390E8FF8-1CE2-4715-AE7B-51C969D444EB}.Release|x86.Build.0 = Release|Win32
		{0537DDB6-CAE8-4DA6-B955-45C9BE162D18}.Debug|x64.ActiveCfg = Debug|x64
		{0537DDB6-CAE8-4DA6-B955-45C9BE162D18}.Debug|x64.Build.0 = Debug|x64
		{0537DDB6-CAE8-4DA6-B955-45C9BE162D18}.Debug|x86.ActiveCfg = Debug|Win32
		{0537DDB6-CAE8-4DA6-B955-45C9BE162D18}.Debug|x86.Build.0 = Debug|Win32
		{0537DDB6-CAE8-4DA6-B955-45C9BE162D18}.Release|x64.ActiveCfg = Release|x64
		{0537DDB6-CAE8-4DA6-B955-45C9BE162D18}.Release|x64.Build.0 = Release|x64
		{0537DDB6-CAE8-4DA6-B955-45C9BE162D18}.Release|x86.ActiveCfg = Release|Win32
		{0537DDB6-CAE8-4DA6-B955-45C9BE162D18}.Release|x86.Build.0 = Release|Win32
		{7A038CB5-ACDE-43C1-BEB5-B03F4DF92836}.Debug|x64.ActiveCfg = Debug|x64
		{7A038CB5-ACDE-43C1-BEB5-B03F4DF92836}.Debug|x64.Build.0 = Debug|x64
		{7A038CB5-ACDE-43C1-BEB5-B03F4DF92836}.Debug|x86.ActiveCfg = Debug|Win32
		{7A038CB5-ACDE-43C1-BEB5-B03F4DF92836}.Debug|x86.Build.0 = Debug|Win32
		{7A038CB5-ACDE-43C1-BEB5-B03F4DF92836}.Release|x64.ActiveCfg = Release|x64
		{7A038CB5-ACDE-43C1-BEB5-B03F4DF92836}.Release|x64.Build.0 = Release|x64
		{7A038CB5-ACDE-43C1-BEB5-B03F4DF92836}.Release|x86.ActiveCfg = Release|Win32
		{7A038CB5-ACDE-43C1-BEB5-B03F4DF92836}.Release|x86.Build.0 = Release|Win32
		{B2EDEEA2-6E5A-4040-BB24-CF584E42402A}.Debug|x64.ActiveCfg = Debug|x64
		{B2EDEEA2-6E5A-4040-BB24-CF584E42402A}.Debug|x64.Build.0 = Debug|x64
		{B2EDEEA2-6E5A-4040-BB24-CF584E42402A}.Debug|x86.ActiveCfg = Debug|Win32
		{B2EDEEA2-6E5A-4040-BB24-CF584E42402A}.Debug|x86.Build.0 = Debug|Win32
		{B2EDEEA2-6E5A-4040-BB24-CF584E42402A}.Release|x64.ActiveCfg = Release|x64
		{B2EDEEA2-6E5A-4040-BB24-CF584E42402A}.Release|x64.Build.0 = Release|x64
		{B2EDEEA2-6E5A-4040-BB24-CF584E42402A}.Release|x86.ActiveCfg = Release|Win32
		{B2EDEEA2-6E5A-4040-BB24-CF584E42402A}.Release|x86.Build.0 = Release|Win32
		{7D529AAE-CE21-4665-94D0-82D9D4CA0B6C}.Debug|x64.ActiveCfg = Debug|x64
		{7D529AAE-CE21-4665-94D0-82D9D4CA0B6C}.Debug|x64.Build.0 = Debug|x64
		{7D529AAE-CE21-4665-94D0-82D9D4CA0B6C}.Debug|x86.ActiveCfg = Debug|Win32
		{7D529AAE-CE21-4665-94D0-82D9D4CA0B6C}.Debug|x86.Build.0 = Debug|Win32
		{7D529AAE-CE21-4665-94D0-82D9D4CA0B6C}.Release|x64.ActiveCfg = Release|x64
		{7D529AAE-CE21-4665-94D0-82D9D4CA0B6C}.Release|x64.Build.0 = Release|x64
		{7D529AAE-CE21-4665-94D0-82D9D4CA0B6C}.Release|x86.ActiveCfg = Release|Win32
		{7D529AAE-CE21-4665-94D0-82D9D4CA0B6C}.Release|x86.Build.0 = Release|Win32
	EndGlobalSection
	GlobalSection(SolutionProperties) = preSolution
		HideSolutionNode = FALSE
	EndGlobalSection
	GlobalSection(ExtensibilityGlobals) = postSolution
		SolutionGuid = {06AE26A8-35D8-4FA1-8C3A-78C82708AE6C}
	EndGlobalSection
EndGlobal
